// !$*UTF8*$!
{
	archiveVersion = 1;
	classes = {
	};
	objectVersion = 51;
	objects = {

/* Begin PBXBuildFile section */
		35BEC0F1618969C982C0F980 /* Pods_SwiftNetworkTests.framework in Frameworks */ = {isa = PBXBuildFile; fileRef = F9D95677067552F3E53FFAAA /* Pods_SwiftNetworkTests.framework */; };
		86308561FD101F8FADD42FAA /* Pods_SwiftNetwork_SwiftNetworkUITests.framework in Frameworks */ = {isa = PBXBuildFile; fileRef = 49009B72A32CB78BBB3FAEFB /* Pods_SwiftNetwork_SwiftNetworkUITests.framework */; };
		B3110EEB262600F900354C25 /* AppDelegate.swift in Sources */ = {isa = PBXBuildFile; fileRef = B3110EEA262600F900354C25 /* AppDelegate.swift */; };
		B3110EED262600F900354C25 /* SceneDelegate.swift in Sources */ = {isa = PBXBuildFile; fileRef = B3110EEC262600F900354C25 /* SceneDelegate.swift */; };
		B3110EF4262600FC00354C25 /* Assets.xcassets in Resources */ = {isa = PBXBuildFile; fileRef = B3110EF3262600FC00354C25 /* Assets.xcassets */; };
		B3110EF7262600FC00354C25 /* LaunchScreen.storyboard in Resources */ = {isa = PBXBuildFile; fileRef = B3110EF5262600FC00354C25 /* LaunchScreen.storyboard */; };
		B3110F02262600FC00354C25 /* SwiftNetworkTests.swift in Sources */ = {isa = PBXBuildFile; fileRef = B3110F01262600FC00354C25 /* SwiftNetworkTests.swift */; };
		B3110F0D262600FD00354C25 /* SwiftNetworkUITests.swift in Sources */ = {isa = PBXBuildFile; fileRef = B3110F0C262600FD00354C25 /* SwiftNetworkUITests.swift */; };
		B362D15D263561840086F777 /* TimeLineViewController.swift in Sources */ = {isa = PBXBuildFile; fileRef = B362D15C263561840086F777 /* TimeLineViewController.swift */; };
		B362D165263605630086F777 /* CollectionTableViewCell.swift in Sources */ = {isa = PBXBuildFile; fileRef = B362D164263605630086F777 /* CollectionTableViewCell.swift */; };
		B362D16D263607940086F777 /* TableCollectionViewCell.swift in Sources */ = {isa = PBXBuildFile; fileRef = B362D16C263607940086F777 /* TableCollectionViewCell.swift */; };
		B362D17F2638AB760086F777 /* IGFeedPostDescriptionTableViewCell.swift in Sources */ = {isa = PBXBuildFile; fileRef = B362D17E2638AB760086F777 /* IGFeedPostDescriptionTableViewCell.swift */; };
		B362D18726399E2A0086F777 /* IGFeedPostFooterTableViewCell.swift in Sources */ = {isa = PBXBuildFile; fileRef = B362D18626399E2A0086F777 /* IGFeedPostFooterTableViewCell.swift */; };
		B362D18F2639B5EA0086F777 /* ListCommentsViewController.swift in Sources */ = {isa = PBXBuildFile; fileRef = B362D18E2639B5EA0086F777 /* ListCommentsViewController.swift */; };
		B39A49A52626232500BE80DF /* Extensions.swift in Sources */ = {isa = PBXBuildFile; fileRef = B39A49A12626232400BE80DF /* Extensions.swift */; };
		B39A49A62626232500BE80DF /* AuthManager.swift in Sources */ = {isa = PBXBuildFile; fileRef = B39A49A22626232500BE80DF /* AuthManager.swift */; };
		B39A49A72626232500BE80DF /* DatabaseManager.swift in Sources */ = {isa = PBXBuildFile; fileRef = B39A49A32626232500BE80DF /* DatabaseManager.swift */; };
		B39A49A82626232500BE80DF /* StorageManeger.swift in Sources */ = {isa = PBXBuildFile; fileRef = B39A49A42626232500BE80DF /* StorageManeger.swift */; };
		B39A49B62626236E00BE80DF /* HomeViewController.swift in Sources */ = {isa = PBXBuildFile; fileRef = B39A49B22626236D00BE80DF /* HomeViewController.swift */; };
		B39A49B72626236E00BE80DF /* ExploreViewController.swift in Sources */ = {isa = PBXBuildFile; fileRef = B39A49B32626236E00BE80DF /* ExploreViewController.swift */; };
		B39A49B82626236E00BE80DF /* ProfileViewController.swift in Sources */ = {isa = PBXBuildFile; fileRef = B39A49B42626236E00BE80DF /* ProfileViewController.swift */; };
		B39A49B92626236E00BE80DF /* NotificationsViewController.swift in Sources */ = {isa = PBXBuildFile; fileRef = B39A49B52626236E00BE80DF /* NotificationsViewController.swift */; };
		B39A49C72626239900BE80DF /* ListViewController.swift in Sources */ = {isa = PBXBuildFile; fileRef = B39A49BF2626239900BE80DF /* ListViewController.swift */; };
		B39A49C82626239900BE80DF /* PostViewController.swift in Sources */ = {isa = PBXBuildFile; fileRef = B39A49C02626239900BE80DF /* PostViewController.swift */; };
		B39A49C92626239900BE80DF /* SearchViewController.swift in Sources */ = {isa = PBXBuildFile; fileRef = B39A49C12626239900BE80DF /* SearchViewController.swift */; };
		B39A49CA2626239900BE80DF /* SearchResultViewController.swift in Sources */ = {isa = PBXBuildFile; fileRef = B39A49C22626239900BE80DF /* SearchResultViewController.swift */; };
		B39A49CB2626239900BE80DF /* SettingsViewController.swift in Sources */ = {isa = PBXBuildFile; fileRef = B39A49C32626239900BE80DF /* SettingsViewController.swift */; };
		B39A49CC2626239900BE80DF /* PublishPostViewController.swift in Sources */ = {isa = PBXBuildFile; fileRef = B39A49C42626239900BE80DF /* PublishPostViewController.swift */; };
		B39A49CD2626239900BE80DF /* EditProfileViewController.swift in Sources */ = {isa = PBXBuildFile; fileRef = B39A49C52626239900BE80DF /* EditProfileViewController.swift */; };
		B39A49CE2626239900BE80DF /* PostEditorViewController.swift in Sources */ = {isa = PBXBuildFile; fileRef = B39A49C62626239900BE80DF /* PostEditorViewController.swift */; };
		B39A49D4262623A400BE80DF /* LoginViewController.swift in Sources */ = {isa = PBXBuildFile; fileRef = B39A49D2262623A400BE80DF /* LoginViewController.swift */; };
		B39A49D5262623A400BE80DF /* RegistrationViewController.swift in Sources */ = {isa = PBXBuildFile; fileRef = B39A49D3262623A400BE80DF /* RegistrationViewController.swift */; };
		B39A49DD262623FD00BE80DF /* Constants.swift in Sources */ = {isa = PBXBuildFile; fileRef = B39A49DC262623FD00BE80DF /* Constants.swift */; };
		B39A49E22626241300BE80DF /* UserBE.swift in Sources */ = {isa = PBXBuildFile; fileRef = B39A49E12626241300BE80DF /* UserBE.swift */; };
		B39A49E72626241C00BE80DF /* UserLoginBC.swift in Sources */ = {isa = PBXBuildFile; fileRef = B39A49E62626241C00BE80DF /* UserLoginBC.swift */; };
		B39A49EF2626242600BE80DF /* WebModel.swift in Sources */ = {isa = PBXBuildFile; fileRef = B39A49EB2626242500BE80DF /* WebModel.swift */; };
		B39A49F02626242600BE80DF /* WebTranslator.swift in Sources */ = {isa = PBXBuildFile; fileRef = B39A49EC2626242500BE80DF /* WebTranslator.swift */; };
		B39A49F12626242600BE80DF /* WebResponse.swift in Sources */ = {isa = PBXBuildFile; fileRef = B39A49ED2626242500BE80DF /* WebResponse.swift */; };
		B39A49F22626242600BE80DF /* WebSender.swift in Sources */ = {isa = PBXBuildFile; fileRef = B39A49EE2626242600BE80DF /* WebSender.swift */; };
		B39A49FC2626385400BE80DF /* Closures.swift in Sources */ = {isa = PBXBuildFile; fileRef = B39A49FB2626385400BE80DF /* Closures.swift */; };
		B39A4A012626387700BE80DF /* KeyChain.swift in Sources */ = {isa = PBXBuildFile; fileRef = B39A4A002626387700BE80DF /* KeyChain.swift */; };
		B39A4A0626263A3A00BE80DF /* Alerts.swift in Sources */ = {isa = PBXBuildFile; fileRef = B39A4A0526263A3A00BE80DF /* Alerts.swift */; };
		B39A4A1A2627459F00BE80DF /* TabBarController.swift in Sources */ = {isa = PBXBuildFile; fileRef = B39A4A192627459F00BE80DF /* TabBarController.swift */; };
		B39A4A262627629900BE80DF /* IGFeedPostTableViewCell.swift in Sources */ = {isa = PBXBuildFile; fileRef = B39A4A252627629900BE80DF /* IGFeedPostTableViewCell.swift */; };
		B39A4A2F262763F600BE80DF /* IGFeedPostHeaderTableViewCell.swift in Sources */ = {isa = PBXBuildFile; fileRef = B39A4A2E262763F600BE80DF /* IGFeedPostHeaderTableViewCell.swift */; };
		B39A4A372627642B00BE80DF /* IGFeedPostActionsTableViewCell.swift in Sources */ = {isa = PBXBuildFile; fileRef = B39A4A362627642B00BE80DF /* IGFeedPostActionsTableViewCell.swift */; };
		B39A4A3C2627645B00BE80DF /* IGFeedPostGeneralTableViewCell.swift in Sources */ = {isa = PBXBuildFile; fileRef = B39A4A3B2627645B00BE80DF /* IGFeedPostGeneralTableViewCell.swift */; };
		B39A4A412628162000BE80DF /* FormTableViewCell.swift in Sources */ = {isa = PBXBuildFile; fileRef = B39A4A402628162000BE80DF /* FormTableViewCell.swift */; };
		B39A4A472628372A00BE80DF /* PhotoCollectionViewCell.swift in Sources */ = {isa = PBXBuildFile; fileRef = B39A4A462628372A00BE80DF /* PhotoCollectionViewCell.swift */; };
		B39A4A4F262837DF00BE80DF /* ProfileInfoHeaderCollectionReusableView.swift in Sources */ = {isa = PBXBuildFile; fileRef = B39A4A4E262837DF00BE80DF /* ProfileInfoHeaderCollectionReusableView.swift */; };
		B39A4A542628383B00BE80DF /* ProfileTabsCollectionReusableView.swift in Sources */ = {isa = PBXBuildFile; fileRef = B39A4A532628383B00BE80DF /* ProfileTabsCollectionReusableView.swift */; };
		B39A4A6A2628777D00BE80DF /* Models.swift in Sources */ = {isa = PBXBuildFile; fileRef = B39A4A692628777D00BE80DF /* Models.swift */; };
		B39A4A6F262989ED00BE80DF /* UserFollowTableViewCell.swift in Sources */ = {isa = PBXBuildFile; fileRef = B39A4A6E262989ED00BE80DF /* UserFollowTableViewCell.swift */; };
		B39A4A74262A235E00BE80DF /* NoNotificationsView.swift in Sources */ = {isa = PBXBuildFile; fileRef = B39A4A73262A235E00BE80DF /* NoNotificationsView.swift */; };
		B3ABE3EE262CCFFA00F10ADE /* NotificationFollowEventTableViewCell.swift in Sources */ = {isa = PBXBuildFile; fileRef = B3ABE3ED262CCFFA00F10ADE /* NotificationFollowEventTableViewCell.swift */; };
		B3ABE3F3262CD02C00F10ADE /* NotificationLikeEventTableViewCell.swift in Sources */ = {isa = PBXBuildFile; fileRef = B3ABE3F2262CD02C00F10ADE /* NotificationLikeEventTableViewCell.swift */; };
		B543E89D2B09FB57F880B091 /* Pods_SwiftNetwork.framework in Frameworks */ = {isa = PBXBuildFile; fileRef = 823673523D46B132358B1025 /* Pods_SwiftNetwork.framework */; };
/* End PBXBuildFile section */

/* Begin PBXContainerItemProxy section */
		B3110EFE262600FC00354C25 /* PBXContainerItemProxy */ = {
			isa = PBXContainerItemProxy;
			containerPortal = B3110EDF262600F900354C25 /* Project object */;
			proxyType = 1;
			remoteGlobalIDString = B3110EE6262600F900354C25;
			remoteInfo = SwiftNetwork;
		};
		B3110F09262600FD00354C25 /* PBXContainerItemProxy */ = {
			isa = PBXContainerItemProxy;
			containerPortal = B3110EDF262600F900354C25 /* Project object */;
			proxyType = 1;
			remoteGlobalIDString = B3110EE6262600F900354C25;
			remoteInfo = SwiftNetwork;
		};
/* End PBXContainerItemProxy section */

/* Begin PBXFileReference section */
		160043B549FD5C7A13909568 /* Pods-SwiftNetworkTests.debug.xcconfig */ = {isa = PBXFileReference; includeInIndex = 1; lastKnownFileType = text.xcconfig; name = "Pods-SwiftNetworkTests.debug.xcconfig"; path = "Target Support Files/Pods-SwiftNetworkTests/Pods-SwiftNetworkTests.debug.xcconfig"; sourceTree = "<group>"; };
		1F2F91B4B36CFDC3E376D6FA /* Pods-SwiftNetworkTests.release.xcconfig */ = {isa = PBXFileReference; includeInIndex = 1; lastKnownFileType = text.xcconfig; name = "Pods-SwiftNetworkTests.release.xcconfig"; path = "Target Support Files/Pods-SwiftNetworkTests/Pods-SwiftNetworkTests.release.xcconfig"; sourceTree = "<group>"; };
		26BAF5A5ABBBA14E3BFBF033 /* Pods-SwiftNetwork-SwiftNetworkUITests.release.xcconfig */ = {isa = PBXFileReference; includeInIndex = 1; lastKnownFileType = text.xcconfig; name = "Pods-SwiftNetwork-SwiftNetworkUITests.release.xcconfig"; path = "Target Support Files/Pods-SwiftNetwork-SwiftNetworkUITests/Pods-SwiftNetwork-SwiftNetworkUITests.release.xcconfig"; sourceTree = "<group>"; };
		2E04837DD7EFE403E11E6796 /* Pods-SwiftNetwork.release.xcconfig */ = {isa = PBXFileReference; includeInIndex = 1; lastKnownFileType = text.xcconfig; name = "Pods-SwiftNetwork.release.xcconfig"; path = "Target Support Files/Pods-SwiftNetwork/Pods-SwiftNetwork.release.xcconfig"; sourceTree = "<group>"; };
		49009B72A32CB78BBB3FAEFB /* Pods_SwiftNetwork_SwiftNetworkUITests.framework */ = {isa = PBXFileReference; explicitFileType = wrapper.framework; includeInIndex = 0; path = Pods_SwiftNetwork_SwiftNetworkUITests.framework; sourceTree = BUILT_PRODUCTS_DIR; };
		4E01617BA2DBD4BEDDE324A6 /* Pods-SwiftNetwork.debug.xcconfig */ = {isa = PBXFileReference; includeInIndex = 1; lastKnownFileType = text.xcconfig; name = "Pods-SwiftNetwork.debug.xcconfig"; path = "Target Support Files/Pods-SwiftNetwork/Pods-SwiftNetwork.debug.xcconfig"; sourceTree = "<group>"; };
		823673523D46B132358B1025 /* Pods_SwiftNetwork.framework */ = {isa = PBXFileReference; explicitFileType = wrapper.framework; includeInIndex = 0; path = Pods_SwiftNetwork.framework; sourceTree = BUILT_PRODUCTS_DIR; };
		98709772B41A1D345F48A4BC /* Pods-SwiftNetwork-SwiftNetworkUITests.debug.xcconfig */ = {isa = PBXFileReference; includeInIndex = 1; lastKnownFileType = text.xcconfig; name = "Pods-SwiftNetwork-SwiftNetworkUITests.debug.xcconfig"; path = "Target Support Files/Pods-SwiftNetwork-SwiftNetworkUITests/Pods-SwiftNetwork-SwiftNetworkUITests.debug.xcconfig"; sourceTree = "<group>"; };
		B3110EE7262600F900354C25 /* SwiftNetwork.app */ = {isa = PBXFileReference; explicitFileType = wrapper.application; includeInIndex = 0; path = SwiftNetwork.app; sourceTree = BUILT_PRODUCTS_DIR; };
		B3110EEA262600F900354C25 /* AppDelegate.swift */ = {isa = PBXFileReference; lastKnownFileType = sourcecode.swift; path = AppDelegate.swift; sourceTree = "<group>"; };
		B3110EEC262600F900354C25 /* SceneDelegate.swift */ = {isa = PBXFileReference; lastKnownFileType = sourcecode.swift; path = SceneDelegate.swift; sourceTree = "<group>"; };
		B3110EF3262600FC00354C25 /* Assets.xcassets */ = {isa = PBXFileReference; lastKnownFileType = folder.assetcatalog; path = Assets.xcassets; sourceTree = "<group>"; };
		B3110EF6262600FC00354C25 /* Base */ = {isa = PBXFileReference; lastKnownFileType = file.storyboard; name = Base; path = Base.lproj/LaunchScreen.storyboard; sourceTree = "<group>"; };
		B3110EF8262600FC00354C25 /* Info.plist */ = {isa = PBXFileReference; lastKnownFileType = text.plist.xml; path = Info.plist; sourceTree = "<group>"; };
		B3110EFD262600FC00354C25 /* SwiftNetworkTests.xctest */ = {isa = PBXFileReference; explicitFileType = wrapper.cfbundle; includeInIndex = 0; path = SwiftNetworkTests.xctest; sourceTree = BUILT_PRODUCTS_DIR; };
		B3110F01262600FC00354C25 /* SwiftNetworkTests.swift */ = {isa = PBXFileReference; lastKnownFileType = sourcecode.swift; path = SwiftNetworkTests.swift; sourceTree = "<group>"; };
		B3110F03262600FC00354C25 /* Info.plist */ = {isa = PBXFileReference; lastKnownFileType = text.plist.xml; path = Info.plist; sourceTree = "<group>"; };
		B3110F08262600FC00354C25 /* SwiftNetworkUITests.xctest */ = {isa = PBXFileReference; explicitFileType = wrapper.cfbundle; includeInIndex = 0; path = SwiftNetworkUITests.xctest; sourceTree = BUILT_PRODUCTS_DIR; };
		B3110F0C262600FD00354C25 /* SwiftNetworkUITests.swift */ = {isa = PBXFileReference; lastKnownFileType = sourcecode.swift; path = SwiftNetworkUITests.swift; sourceTree = "<group>"; };
		B3110F0E262600FD00354C25 /* Info.plist */ = {isa = PBXFileReference; lastKnownFileType = text.plist.xml; path = Info.plist; sourceTree = "<group>"; };
		B362D15C263561840086F777 /* TimeLineViewController.swift */ = {isa = PBXFileReference; lastKnownFileType = sourcecode.swift; path = TimeLineViewController.swift; sourceTree = "<group>"; };
		B362D164263605630086F777 /* CollectionTableViewCell.swift */ = {isa = PBXFileReference; lastKnownFileType = sourcecode.swift; path = CollectionTableViewCell.swift; sourceTree = "<group>"; };
		B362D16C263607940086F777 /* TableCollectionViewCell.swift */ = {isa = PBXFileReference; lastKnownFileType = sourcecode.swift; path = TableCollectionViewCell.swift; sourceTree = "<group>"; };
		B362D177263695070086F777 /* video.mp4 */ = {isa = PBXFileReference; lastKnownFileType = file; path = video.mp4; sourceTree = "<group>"; };
		B362D17E2638AB760086F777 /* IGFeedPostDescriptionTableViewCell.swift */ = {isa = PBXFileReference; lastKnownFileType = sourcecode.swift; path = IGFeedPostDescriptionTableViewCell.swift; sourceTree = "<group>"; };
		B362D18626399E2A0086F777 /* IGFeedPostFooterTableViewCell.swift */ = {isa = PBXFileReference; lastKnownFileType = sourcecode.swift; path = IGFeedPostFooterTableViewCell.swift; sourceTree = "<group>"; };
		B362D18E2639B5EA0086F777 /* ListCommentsViewController.swift */ = {isa = PBXFileReference; lastKnownFileType = sourcecode.swift; path = ListCommentsViewController.swift; sourceTree = "<group>"; };
		B39A49A12626232400BE80DF /* Extensions.swift */ = {isa = PBXFileReference; fileEncoding = 4; lastKnownFileType = sourcecode.swift; path = Extensions.swift; sourceTree = "<group>"; };
		B39A49A22626232500BE80DF /* AuthManager.swift */ = {isa = PBXFileReference; fileEncoding = 4; lastKnownFileType = sourcecode.swift; path = AuthManager.swift; sourceTree = "<group>"; };
		B39A49A32626232500BE80DF /* DatabaseManager.swift */ = {isa = PBXFileReference; fileEncoding = 4; lastKnownFileType = sourcecode.swift; path = DatabaseManager.swift; sourceTree = "<group>"; };
		B39A49A42626232500BE80DF /* StorageManeger.swift */ = {isa = PBXFileReference; fileEncoding = 4; lastKnownFileType = sourcecode.swift; path = StorageManeger.swift; sourceTree = "<group>"; };
		B39A49B22626236D00BE80DF /* HomeViewController.swift */ = {isa = PBXFileReference; fileEncoding = 4; lastKnownFileType = sourcecode.swift; path = HomeViewController.swift; sourceTree = "<group>"; };
		B39A49B32626236E00BE80DF /* ExploreViewController.swift */ = {isa = PBXFileReference; fileEncoding = 4; lastKnownFileType = sourcecode.swift; path = ExploreViewController.swift; sourceTree = "<group>"; };
		B39A49B42626236E00BE80DF /* ProfileViewController.swift */ = {isa = PBXFileReference; fileEncoding = 4; lastKnownFileType = sourcecode.swift; path = ProfileViewController.swift; sourceTree = "<group>"; };
		B39A49B52626236E00BE80DF /* NotificationsViewController.swift */ = {isa = PBXFileReference; fileEncoding = 4; lastKnownFileType = sourcecode.swift; path = NotificationsViewController.swift; sourceTree = "<group>"; };
		B39A49BF2626239900BE80DF /* ListViewController.swift */ = {isa = PBXFileReference; fileEncoding = 4; lastKnownFileType = sourcecode.swift; path = ListViewController.swift; sourceTree = "<group>"; };
		B39A49C02626239900BE80DF /* PostViewController.swift */ = {isa = PBXFileReference; fileEncoding = 4; lastKnownFileType = sourcecode.swift; path = PostViewController.swift; sourceTree = "<group>"; };
		B39A49C12626239900BE80DF /* SearchViewController.swift */ = {isa = PBXFileReference; fileEncoding = 4; lastKnownFileType = sourcecode.swift; path = SearchViewController.swift; sourceTree = "<group>"; };
		B39A49C22626239900BE80DF /* SearchResultViewController.swift */ = {isa = PBXFileReference; fileEncoding = 4; lastKnownFileType = sourcecode.swift; path = SearchResultViewController.swift; sourceTree = "<group>"; };
		B39A49C32626239900BE80DF /* SettingsViewController.swift */ = {isa = PBXFileReference; fileEncoding = 4; lastKnownFileType = sourcecode.swift; path = SettingsViewController.swift; sourceTree = "<group>"; };
		B39A49C42626239900BE80DF /* PublishPostViewController.swift */ = {isa = PBXFileReference; fileEncoding = 4; lastKnownFileType = sourcecode.swift; path = PublishPostViewController.swift; sourceTree = "<group>"; };
		B39A49C52626239900BE80DF /* EditProfileViewController.swift */ = {isa = PBXFileReference; fileEncoding = 4; lastKnownFileType = sourcecode.swift; path = EditProfileViewController.swift; sourceTree = "<group>"; };
		B39A49C62626239900BE80DF /* PostEditorViewController.swift */ = {isa = PBXFileReference; fileEncoding = 4; lastKnownFileType = sourcecode.swift; path = PostEditorViewController.swift; sourceTree = "<group>"; };
		B39A49D2262623A400BE80DF /* LoginViewController.swift */ = {isa = PBXFileReference; fileEncoding = 4; lastKnownFileType = sourcecode.swift; path = LoginViewController.swift; sourceTree = "<group>"; };
		B39A49D3262623A400BE80DF /* RegistrationViewController.swift */ = {isa = PBXFileReference; fileEncoding = 4; lastKnownFileType = sourcecode.swift; path = RegistrationViewController.swift; sourceTree = "<group>"; };
		B39A49DC262623FD00BE80DF /* Constants.swift */ = {isa = PBXFileReference; fileEncoding = 4; lastKnownFileType = sourcecode.swift; path = Constants.swift; sourceTree = "<group>"; };
		B39A49E12626241300BE80DF /* UserBE.swift */ = {isa = PBXFileReference; fileEncoding = 4; lastKnownFileType = sourcecode.swift; path = UserBE.swift; sourceTree = "<group>"; };
		B39A49E62626241C00BE80DF /* UserLoginBC.swift */ = {isa = PBXFileReference; fileEncoding = 4; lastKnownFileType = sourcecode.swift; path = UserLoginBC.swift; sourceTree = "<group>"; };
		B39A49EB2626242500BE80DF /* WebModel.swift */ = {isa = PBXFileReference; fileEncoding = 4; lastKnownFileType = sourcecode.swift; path = WebModel.swift; sourceTree = "<group>"; };
		B39A49EC2626242500BE80DF /* WebTranslator.swift */ = {isa = PBXFileReference; fileEncoding = 4; lastKnownFileType = sourcecode.swift; path = WebTranslator.swift; sourceTree = "<group>"; };
		B39A49ED2626242500BE80DF /* WebResponse.swift */ = {isa = PBXFileReference; fileEncoding = 4; lastKnownFileType = sourcecode.swift; path = WebResponse.swift; sourceTree = "<group>"; };
		B39A49EE2626242600BE80DF /* WebSender.swift */ = {isa = PBXFileReference; fileEncoding = 4; lastKnownFileType = sourcecode.swift; path = WebSender.swift; sourceTree = "<group>"; };
		B39A49FB2626385400BE80DF /* Closures.swift */ = {isa = PBXFileReference; lastKnownFileType = sourcecode.swift; path = Closures.swift; sourceTree = "<group>"; };
		B39A4A002626387700BE80DF /* KeyChain.swift */ = {isa = PBXFileReference; lastKnownFileType = sourcecode.swift; path = KeyChain.swift; sourceTree = "<group>"; };
		B39A4A0526263A3A00BE80DF /* Alerts.swift */ = {isa = PBXFileReference; lastKnownFileType = sourcecode.swift; path = Alerts.swift; sourceTree = "<group>"; };
		B39A4A192627459F00BE80DF /* TabBarController.swift */ = {isa = PBXFileReference; lastKnownFileType = sourcecode.swift; path = TabBarController.swift; sourceTree = "<group>"; };
		B39A4A252627629900BE80DF /* IGFeedPostTableViewCell.swift */ = {isa = PBXFileReference; lastKnownFileType = sourcecode.swift; path = IGFeedPostTableViewCell.swift; sourceTree = "<group>"; };
		B39A4A2E262763F600BE80DF /* IGFeedPostHeaderTableViewCell.swift */ = {isa = PBXFileReference; lastKnownFileType = sourcecode.swift; path = IGFeedPostHeaderTableViewCell.swift; sourceTree = "<group>"; };
		B39A4A362627642B00BE80DF /* IGFeedPostActionsTableViewCell.swift */ = {isa = PBXFileReference; lastKnownFileType = sourcecode.swift; path = IGFeedPostActionsTableViewCell.swift; sourceTree = "<group>"; };
		B39A4A3B2627645B00BE80DF /* IGFeedPostGeneralTableViewCell.swift */ = {isa = PBXFileReference; lastKnownFileType = sourcecode.swift; path = IGFeedPostGeneralTableViewCell.swift; sourceTree = "<group>"; };
		B39A4A402628162000BE80DF /* FormTableViewCell.swift */ = {isa = PBXFileReference; lastKnownFileType = sourcecode.swift; path = FormTableViewCell.swift; sourceTree = "<group>"; };
		B39A4A462628372A00BE80DF /* PhotoCollectionViewCell.swift */ = {isa = PBXFileReference; lastKnownFileType = sourcecode.swift; path = PhotoCollectionViewCell.swift; sourceTree = "<group>"; };
		B39A4A4E262837DF00BE80DF /* ProfileInfoHeaderCollectionReusableView.swift */ = {isa = PBXFileReference; lastKnownFileType = sourcecode.swift; path = ProfileInfoHeaderCollectionReusableView.swift; sourceTree = "<group>"; };
		B39A4A532628383B00BE80DF /* ProfileTabsCollectionReusableView.swift */ = {isa = PBXFileReference; lastKnownFileType = sourcecode.swift; path = ProfileTabsCollectionReusableView.swift; sourceTree = "<group>"; };
		B39A4A692628777D00BE80DF /* Models.swift */ = {isa = PBXFileReference; lastKnownFileType = sourcecode.swift; path = Models.swift; sourceTree = "<group>"; };
		B39A4A6E262989ED00BE80DF /* UserFollowTableViewCell.swift */ = {isa = PBXFileReference; lastKnownFileType = sourcecode.swift; path = UserFollowTableViewCell.swift; sourceTree = "<group>"; };
		B39A4A73262A235E00BE80DF /* NoNotificationsView.swift */ = {isa = PBXFileReference; lastKnownFileType = sourcecode.swift; path = NoNotificationsView.swift; sourceTree = "<group>"; };
		B3ABE3ED262CCFFA00F10ADE /* NotificationFollowEventTableViewCell.swift */ = {isa = PBXFileReference; lastKnownFileType = sourcecode.swift; path = NotificationFollowEventTableViewCell.swift; sourceTree = "<group>"; };
		B3ABE3F2262CD02C00F10ADE /* NotificationLikeEventTableViewCell.swift */ = {isa = PBXFileReference; lastKnownFileType = sourcecode.swift; path = NotificationLikeEventTableViewCell.swift; sourceTree = "<group>"; };
		F9D95677067552F3E53FFAAA /* Pods_SwiftNetworkTests.framework */ = {isa = PBXFileReference; explicitFileType = wrapper.framework; includeInIndex = 0; path = Pods_SwiftNetworkTests.framework; sourceTree = BUILT_PRODUCTS_DIR; };
/* End PBXFileReference section */

/* Begin PBXFrameworksBuildPhase section */
		B3110EE4262600F900354C25 /* Frameworks */ = {
			isa = PBXFrameworksBuildPhase;
			buildActionMask = 2147483647;
			files = (
				B543E89D2B09FB57F880B091 /* Pods_SwiftNetwork.framework in Frameworks */,
			);
			runOnlyForDeploymentPostprocessing = 0;
		};
		B3110EFA262600FC00354C25 /* Frameworks */ = {
			isa = PBXFrameworksBuildPhase;
			buildActionMask = 2147483647;
			files = (
				35BEC0F1618969C982C0F980 /* Pods_SwiftNetworkTests.framework in Frameworks */,
			);
			runOnlyForDeploymentPostprocessing = 0;
		};
		B3110F05262600FC00354C25 /* Frameworks */ = {
			isa = PBXFrameworksBuildPhase;
			buildActionMask = 2147483647;
			files = (
				86308561FD101F8FADD42FAA /* Pods_SwiftNetwork_SwiftNetworkUITests.framework in Frameworks */,
			);
			runOnlyForDeploymentPostprocessing = 0;
		};
/* End PBXFrameworksBuildPhase section */

/* Begin PBXGroup section */
		591284E3473C93A37E00F8C7 /* Frameworks */ = {
			isa = PBXGroup;
			children = (
				823673523D46B132358B1025 /* Pods_SwiftNetwork.framework */,
				49009B72A32CB78BBB3FAEFB /* Pods_SwiftNetwork_SwiftNetworkUITests.framework */,
				F9D95677067552F3E53FFAAA /* Pods_SwiftNetworkTests.framework */,
			);
			name = Frameworks;
			sourceTree = "<group>";
		};
		B3110EDE262600F900354C25 = {
			isa = PBXGroup;
			children = (
				B3110EE9262600F900354C25 /* SwiftNetwork */,
				B3110F00262600FC00354C25 /* SwiftNetworkTests */,
				B3110F0B262600FD00354C25 /* SwiftNetworkUITests */,
				B3110EE8262600F900354C25 /* Products */,
				CF171DC54729B90FDD1701E7 /* Pods */,
				591284E3473C93A37E00F8C7 /* Frameworks */,
			);
			sourceTree = "<group>";
		};
		B3110EE8262600F900354C25 /* Products */ = {
			isa = PBXGroup;
			children = (
				B3110EE7262600F900354C25 /* SwiftNetwork.app */,
				B3110EFD262600FC00354C25 /* SwiftNetworkTests.xctest */,
				B3110F08262600FC00354C25 /* SwiftNetworkUITests.xctest */,
			);
			name = Products;
			sourceTree = "<group>";
		};
		B3110EE9262600F900354C25 /* SwiftNetwork */ = {
			isa = PBXGroup;
			children = (
				B3110EEA262600F900354C25 /* AppDelegate.swift */,
				B3110EEC262600F900354C25 /* SceneDelegate.swift */,
				B39A49FA2626382E00BE80DF /* ClasesGeneral */,
				B3110F262626029100354C25 /* App */,
				B39A49DA262623CE00BE80DF /* BE */,
				B39A49D9262623C500BE80DF /* BC */,
				B39A49DB262623D400BE80DF /* WS */,
				B39A49DC262623FD00BE80DF /* Constants.swift */,
				B3110EF3262600FC00354C25 /* Assets.xcassets */,
				B3110EF5262600FC00354C25 /* LaunchScreen.storyboard */,
				B3110EF8262600FC00354C25 /* Info.plist */,
				B362D177263695070086F777 /* video.mp4 */,
			);
			path = SwiftNetwork;
			sourceTree = "<group>";
		};
		B3110F00262600FC00354C25 /* SwiftNetworkTests */ = {
			isa = PBXGroup;
			children = (
				B3110F01262600FC00354C25 /* SwiftNetworkTests.swift */,
				B3110F03262600FC00354C25 /* Info.plist */,
			);
			path = SwiftNetworkTests;
			sourceTree = "<group>";
		};
		B3110F0B262600FD00354C25 /* SwiftNetworkUITests */ = {
			isa = PBXGroup;
			children = (
				B3110F0C262600FD00354C25 /* SwiftNetworkUITests.swift */,
				B3110F0E262600FD00354C25 /* Info.plist */,
			);
			path = SwiftNetworkUITests;
			sourceTree = "<group>";
		};
		B3110F262626029100354C25 /* App */ = {
			isa = PBXGroup;
			children = (
				B39A49AC2626232C00BE80DF /* Resources */,
				B3110F28262602B500354C25 /* Models */,
				B39A49F62626244F00BE80DF /* View */,
				B39A499A262622E000BE80DF /* Controllers */,
			);
			path = App;
			sourceTree = "<group>";
		};
		B3110F28262602B500354C25 /* Models */ = {
			isa = PBXGroup;
			children = (
				B39A4A692628777D00BE80DF /* Models.swift */,
			);
			path = Models;
			sourceTree = "<group>";
		};
		B39A499A262622E000BE80DF /* Controllers */ = {
			isa = PBXGroup;
			children = (
				B39A49B12626235E00BE80DF /* Others */,
				B39A49B02626234C00BE80DF /* Core Tabs */,
			);
			path = Controllers;
			sourceTree = "<group>";
		};
		B39A49AC2626232C00BE80DF /* Resources */ = {
			isa = PBXGroup;
			children = (
				B39A49A22626232500BE80DF /* AuthManager.swift */,
				B39A49A32626232500BE80DF /* DatabaseManager.swift */,
				B39A49A12626232400BE80DF /* Extensions.swift */,
				B39A49A42626232500BE80DF /* StorageManeger.swift */,
			);
			path = Resources;
			sourceTree = "<group>";
		};
		B39A49B02626234C00BE80DF /* Core Tabs */ = {
			isa = PBXGroup;
			children = (
				B39A49B32626236E00BE80DF /* ExploreViewController.swift */,
				B39A49B22626236D00BE80DF /* HomeViewController.swift */,
				B39A49B52626236E00BE80DF /* NotificationsViewController.swift */,
				B39A49B42626236E00BE80DF /* ProfileViewController.swift */,
				B362D15C263561840086F777 /* TimeLineViewController.swift */,
				B39A4A192627459F00BE80DF /* TabBarController.swift */,
			);
			path = "Core Tabs";
			sourceTree = "<group>";
		};
		B39A49B12626235E00BE80DF /* Others */ = {
			isa = PBXGroup;
			children = (
				B39A49BE2626238C00BE80DF /* Omboarding */,
				B39A49BD2626237800BE80DF /* General */,
			);
			path = Others;
			sourceTree = "<group>";
		};
		B39A49BD2626237800BE80DF /* General */ = {
			isa = PBXGroup;
			children = (
				B39A49C52626239900BE80DF /* EditProfileViewController.swift */,
				B39A49BF2626239900BE80DF /* ListViewController.swift */,
				B39A49C62626239900BE80DF /* PostEditorViewController.swift */,
				B39A49C02626239900BE80DF /* PostViewController.swift */,
				B39A49C42626239900BE80DF /* PublishPostViewController.swift */,
				B39A49C22626239900BE80DF /* SearchResultViewController.swift */,
				B39A49C12626239900BE80DF /* SearchViewController.swift */,
				B39A49C32626239900BE80DF /* SettingsViewController.swift */,
				B362D18E2639B5EA0086F777 /* ListCommentsViewController.swift */,
			);
			path = General;
			sourceTree = "<group>";
		};
		B39A49BE2626238C00BE80DF /* Omboarding */ = {
			isa = PBXGroup;
			children = (
				B39A49D2262623A400BE80DF /* LoginViewController.swift */,
				B39A49D3262623A400BE80DF /* RegistrationViewController.swift */,
			);
			path = Omboarding;
			sourceTree = "<group>";
		};
		B39A49D9262623C500BE80DF /* BC */ = {
			isa = PBXGroup;
			children = (
				B39A49E62626241C00BE80DF /* UserLoginBC.swift */,
			);
			path = BC;
			sourceTree = "<group>";
		};
		B39A49DA262623CE00BE80DF /* BE */ = {
			isa = PBXGroup;
			children = (
				B39A49E12626241300BE80DF /* UserBE.swift */,
			);
			path = BE;
			sourceTree = "<group>";
		};
		B39A49DB262623D400BE80DF /* WS */ = {
			isa = PBXGroup;
			children = (
				B39A49EB2626242500BE80DF /* WebModel.swift */,
				B39A49ED2626242500BE80DF /* WebResponse.swift */,
				B39A49EE2626242600BE80DF /* WebSender.swift */,
				B39A49EC2626242500BE80DF /* WebTranslator.swift */,
			);
			path = WS;
			sourceTree = "<group>";
		};
		B39A49F62626244F00BE80DF /* View */ = {
			isa = PBXGroup;
			children = (
				B39A4A45262836E400BE80DF /* CollectionsView Headers */,
				B39A4A242627626300BE80DF /* Cells */,
				B39A4A73262A235E00BE80DF /* NoNotificationsView.swift */,
			);
			path = View;
			sourceTree = "<group>";
		};
		B39A49FA2626382E00BE80DF /* ClasesGeneral */ = {
			isa = PBXGroup;
			children = (
				B39A49FB2626385400BE80DF /* Closures.swift */,
				B39A4A002626387700BE80DF /* KeyChain.swift */,
				B39A4A0526263A3A00BE80DF /* Alerts.swift */,
			);
			path = ClasesGeneral;
			sourceTree = "<group>";
		};
		B39A4A242627626300BE80DF /* Cells */ = {
			isa = PBXGroup;
			children = (
				B3ABE3EC262CCF7400F10ADE /* Notifications */,
				B39A4A2D262763C500BE80DF /* Home Feed & Post */,
				B39A4A402628162000BE80DF /* FormTableViewCell.swift */,
				B39A4A462628372A00BE80DF /* PhotoCollectionViewCell.swift */,
				B39A4A6E262989ED00BE80DF /* UserFollowTableViewCell.swift */,
			);
			path = Cells;
			sourceTree = "<group>";
		};
		B39A4A2D262763C500BE80DF /* Home Feed & Post */ = {
			isa = PBXGroup;
			children = (
				B39A4A2E262763F600BE80DF /* IGFeedPostHeaderTableViewCell.swift */,
				B39A4A252627629900BE80DF /* IGFeedPostTableViewCell.swift */,
				B39A4A362627642B00BE80DF /* IGFeedPostActionsTableViewCell.swift */,
				B362D17E2638AB760086F777 /* IGFeedPostDescriptionTableViewCell.swift */,
				B39A4A3B2627645B00BE80DF /* IGFeedPostGeneralTableViewCell.swift */,
				B362D18626399E2A0086F777 /* IGFeedPostFooterTableViewCell.swift */,
			);
			path = "Home Feed & Post";
			sourceTree = "<group>";
		};
		B39A4A45262836E400BE80DF /* CollectionsView Headers */ = {
			isa = PBXGroup;
			children = (
				B362D164263605630086F777 /* CollectionTableViewCell.swift */,
				B362D16C263607940086F777 /* TableCollectionViewCell.swift */,
				B39A4A4E262837DF00BE80DF /* ProfileInfoHeaderCollectionReusableView.swift */,
				B39A4A532628383B00BE80DF /* ProfileTabsCollectionReusableView.swift */,
			);
			path = "CollectionsView Headers";
			sourceTree = "<group>";
		};
		B3ABE3EC262CCF7400F10ADE /* Notifications */ = {
			isa = PBXGroup;
			children = (
				B3ABE3ED262CCFFA00F10ADE /* NotificationFollowEventTableViewCell.swift */,
				B3ABE3F2262CD02C00F10ADE /* NotificationLikeEventTableViewCell.swift */,
			);
			path = Notifications;
			sourceTree = "<group>";
		};
		CF171DC54729B90FDD1701E7 /* Pods */ = {
			isa = PBXGroup;
			children = (
				4E01617BA2DBD4BEDDE324A6 /* Pods-SwiftNetwork.debug.xcconfig */,
				2E04837DD7EFE403E11E6796 /* Pods-SwiftNetwork.release.xcconfig */,
				98709772B41A1D345F48A4BC /* Pods-SwiftNetwork-SwiftNetworkUITests.debug.xcconfig */,
				26BAF5A5ABBBA14E3BFBF033 /* Pods-SwiftNetwork-SwiftNetworkUITests.release.xcconfig */,
				160043B549FD5C7A13909568 /* Pods-SwiftNetworkTests.debug.xcconfig */,
				1F2F91B4B36CFDC3E376D6FA /* Pods-SwiftNetworkTests.release.xcconfig */,
			);
			path = Pods;
			sourceTree = "<group>";
		};
/* End PBXGroup section */

/* Begin PBXNativeTarget section */
		B3110EE6262600F900354C25 /* SwiftNetwork */ = {
			isa = PBXNativeTarget;
			buildConfigurationList = B3110F11262600FD00354C25 /* Build configuration list for PBXNativeTarget "SwiftNetwork" */;
			buildPhases = (
				15BCDBBDF8AAC1897ABF5059 /* [CP] Check Pods Manifest.lock */,
				B3110EE3262600F900354C25 /* Sources */,
				B3110EE4262600F900354C25 /* Frameworks */,
				B3110EE5262600F900354C25 /* Resources */,
				34FCEB353E7FDEF8D783283F /* [CP] Embed Pods Frameworks */,
			);
			buildRules = (
			);
			dependencies = (
			);
			name = SwiftNetwork;
			productName = SwiftNetwork;
			productReference = B3110EE7262600F900354C25 /* SwiftNetwork.app */;
			productType = "com.apple.product-type.application";
		};
		B3110EFC262600FC00354C25 /* SwiftNetworkTests */ = {
			isa = PBXNativeTarget;
			buildConfigurationList = B3110F14262600FD00354C25 /* Build configuration list for PBXNativeTarget "SwiftNetworkTests" */;
			buildPhases = (
				87B29CC606891A764973AD99 /* [CP] Check Pods Manifest.lock */,
				B3110EF9262600FC00354C25 /* Sources */,
				B3110EFA262600FC00354C25 /* Frameworks */,
				B3110EFB262600FC00354C25 /* Resources */,
			);
			buildRules = (
			);
			dependencies = (
				B3110EFF262600FC00354C25 /* PBXTargetDependency */,
			);
			name = SwiftNetworkTests;
			productName = SwiftNetworkTests;
			productReference = B3110EFD262600FC00354C25 /* SwiftNetworkTests.xctest */;
			productType = "com.apple.product-type.bundle.unit-test";
		};
		B3110F07262600FC00354C25 /* SwiftNetworkUITests */ = {
			isa = PBXNativeTarget;
			buildConfigurationList = B3110F17262600FD00354C25 /* Build configuration list for PBXNativeTarget "SwiftNetworkUITests" */;
			buildPhases = (
				519CF82EA4BA56614572B9C3 /* [CP] Check Pods Manifest.lock */,
				B3110F04262600FC00354C25 /* Sources */,
				B3110F05262600FC00354C25 /* Frameworks */,
				B3110F06262600FC00354C25 /* Resources */,
				6F49D0141927A87BA3C1CEFD /* [CP] Embed Pods Frameworks */,
			);
			buildRules = (
			);
			dependencies = (
				B3110F0A262600FD00354C25 /* PBXTargetDependency */,
			);
			name = SwiftNetworkUITests;
			productName = SwiftNetworkUITests;
			productReference = B3110F08262600FC00354C25 /* SwiftNetworkUITests.xctest */;
			productType = "com.apple.product-type.bundle.ui-testing";
		};
/* End PBXNativeTarget section */

/* Begin PBXProject section */
		B3110EDF262600F900354C25 /* Project object */ = {
			isa = PBXProject;
			attributes = {
				LastSwiftUpdateCheck = 1240;
				LastUpgradeCheck = 1240;
				TargetAttributes = {
					B3110EE6262600F900354C25 = {
						CreatedOnToolsVersion = 12.4;
					};
					B3110EFC262600FC00354C25 = {
						CreatedOnToolsVersion = 12.4;
						TestTargetID = B3110EE6262600F900354C25;
					};
					B3110F07262600FC00354C25 = {
						CreatedOnToolsVersion = 12.4;
						TestTargetID = B3110EE6262600F900354C25;
					};
				};
			};
			buildConfigurationList = B3110EE2262600F900354C25 /* Build configuration list for PBXProject "SwiftNetwork" */;
			compatibilityVersion = "Xcode 9.3";
			developmentRegion = en;
			hasScannedForEncodings = 0;
			knownRegions = (
				en,
				Base,
			);
			mainGroup = B3110EDE262600F900354C25;
			productRefGroup = B3110EE8262600F900354C25 /* Products */;
			projectDirPath = "";
			projectRoot = "";
			targets = (
				B3110EE6262600F900354C25 /* SwiftNetwork */,
				B3110EFC262600FC00354C25 /* SwiftNetworkTests */,
				B3110F07262600FC00354C25 /* SwiftNetworkUITests */,
			);
		};
/* End PBXProject section */

/* Begin PBXResourcesBuildPhase section */
		B3110EE5262600F900354C25 /* Resources */ = {
			isa = PBXResourcesBuildPhase;
			buildActionMask = 2147483647;
			files = (
				B3110EF7262600FC00354C25 /* LaunchScreen.storyboard in Resources */,
				B3110EF4262600FC00354C25 /* Assets.xcassets in Resources */,
			);
			runOnlyForDeploymentPostprocessing = 0;
		};
		B3110EFB262600FC00354C25 /* Resources */ = {
			isa = PBXResourcesBuildPhase;
			buildActionMask = 2147483647;
			files = (
			);
			runOnlyForDeploymentPostprocessing = 0;
		};
		B3110F06262600FC00354C25 /* Resources */ = {
			isa = PBXResourcesBuildPhase;
			buildActionMask = 2147483647;
			files = (
			);
			runOnlyForDeploymentPostprocessing = 0;
		};
/* End PBXResourcesBuildPhase section */

/* Begin PBXShellScriptBuildPhase section */
		15BCDBBDF8AAC1897ABF5059 /* [CP] Check Pods Manifest.lock */ = {
			isa = PBXShellScriptBuildPhase;
			buildActionMask = 2147483647;
			files = (
			);
			inputFileListPaths = (
			);
			inputPaths = (
				"${PODS_PODFILE_DIR_PATH}/Podfile.lock",
				"${PODS_ROOT}/Manifest.lock",
			);
			name = "[CP] Check Pods Manifest.lock";
			outputFileListPaths = (
			);
			outputPaths = (
				"$(DERIVED_FILE_DIR)/Pods-SwiftNetwork-checkManifestLockResult.txt",
			);
			runOnlyForDeploymentPostprocessing = 0;
			shellPath = /bin/sh;
			shellScript = "diff \"${PODS_PODFILE_DIR_PATH}/Podfile.lock\" \"${PODS_ROOT}/Manifest.lock\" > /dev/null\nif [ $? != 0 ] ; then\n    # print error to STDERR\n    echo \"error: The sandbox is not in sync with the Podfile.lock. Run 'pod install' or update your CocoaPods installation.\" >&2\n    exit 1\nfi\n# This output is used by Xcode 'outputs' to avoid re-running this script phase.\necho \"SUCCESS\" > \"${SCRIPT_OUTPUT_FILE_0}\"\n";
			showEnvVarsInLog = 0;
		};
		34FCEB353E7FDEF8D783283F /* [CP] Embed Pods Frameworks */ = {
			isa = PBXShellScriptBuildPhase;
			buildActionMask = 2147483647;
			files = (
			);
			inputFileListPaths = (
				"${PODS_ROOT}/Target Support Files/Pods-SwiftNetwork/Pods-SwiftNetwork-frameworks-${CONFIGURATION}-input-files.xcfilelist",
			);
			name = "[CP] Embed Pods Frameworks";
			outputFileListPaths = (
				"${PODS_ROOT}/Target Support Files/Pods-SwiftNetwork/Pods-SwiftNetwork-frameworks-${CONFIGURATION}-output-files.xcfilelist",
			);
			runOnlyForDeploymentPostprocessing = 0;
			shellPath = /bin/sh;
			shellScript = "\"${PODS_ROOT}/Target Support Files/Pods-SwiftNetwork/Pods-SwiftNetwork-frameworks.sh\"\n";
			showEnvVarsInLog = 0;
		};
		519CF82EA4BA56614572B9C3 /* [CP] Check Pods Manifest.lock */ = {
			isa = PBXShellScriptBuildPhase;
			buildActionMask = 2147483647;
			files = (
			);
			inputFileListPaths = (
			);
			inputPaths = (
				"${PODS_PODFILE_DIR_PATH}/Podfile.lock",
				"${PODS_ROOT}/Manifest.lock",
			);
			name = "[CP] Check Pods Manifest.lock";
			outputFileListPaths = (
			);
			outputPaths = (
				"$(DERIVED_FILE_DIR)/Pods-SwiftNetwork-SwiftNetworkUITests-checkManifestLockResult.txt",
			);
			runOnlyForDeploymentPostprocessing = 0;
			shellPath = /bin/sh;
			shellScript = "diff \"${PODS_PODFILE_DIR_PATH}/Podfile.lock\" \"${PODS_ROOT}/Manifest.lock\" > /dev/null\nif [ $? != 0 ] ; then\n    # print error to STDERR\n    echo \"error: The sandbox is not in sync with the Podfile.lock. Run 'pod install' or update your CocoaPods installation.\" >&2\n    exit 1\nfi\n# This output is used by Xcode 'outputs' to avoid re-running this script phase.\necho \"SUCCESS\" > \"${SCRIPT_OUTPUT_FILE_0}\"\n";
			showEnvVarsInLog = 0;
		};
		6F49D0141927A87BA3C1CEFD /* [CP] Embed Pods Frameworks */ = {
			isa = PBXShellScriptBuildPhase;
			buildActionMask = 2147483647;
			files = (
			);
			inputFileListPaths = (
				"${PODS_ROOT}/Target Support Files/Pods-SwiftNetwork-SwiftNetworkUITests/Pods-SwiftNetwork-SwiftNetworkUITests-frameworks-${CONFIGURATION}-input-files.xcfilelist",
			);
			name = "[CP] Embed Pods Frameworks";
			outputFileListPaths = (
				"${PODS_ROOT}/Target Support Files/Pods-SwiftNetwork-SwiftNetworkUITests/Pods-SwiftNetwork-SwiftNetworkUITests-frameworks-${CONFIGURATION}-output-files.xcfilelist",
			);
			runOnlyForDeploymentPostprocessing = 0;
			shellPath = /bin/sh;
			shellScript = "\"${PODS_ROOT}/Target Support Files/Pods-SwiftNetwork-SwiftNetworkUITests/Pods-SwiftNetwork-SwiftNetworkUITests-frameworks.sh\"\n";
			showEnvVarsInLog = 0;
		};
		87B29CC606891A764973AD99 /* [CP] Check Pods Manifest.lock */ = {
			isa = PBXShellScriptBuildPhase;
			buildActionMask = 2147483647;
			files = (
			);
			inputFileListPaths = (
			);
			inputPaths = (
				"${PODS_PODFILE_DIR_PATH}/Podfile.lock",
				"${PODS_ROOT}/Manifest.lock",
			);
			name = "[CP] Check Pods Manifest.lock";
			outputFileListPaths = (
			);
			outputPaths = (
				"$(DERIVED_FILE_DIR)/Pods-SwiftNetworkTests-checkManifestLockResult.txt",
			);
			runOnlyForDeploymentPostprocessing = 0;
			shellPath = /bin/sh;
			shellScript = "diff \"${PODS_PODFILE_DIR_PATH}/Podfile.lock\" \"${PODS_ROOT}/Manifest.lock\" > /dev/null\nif [ $? != 0 ] ; then\n    # print error to STDERR\n    echo \"error: The sandbox is not in sync with the Podfile.lock. Run 'pod install' or update your CocoaPods installation.\" >&2\n    exit 1\nfi\n# This output is used by Xcode 'outputs' to avoid re-running this script phase.\necho \"SUCCESS\" > \"${SCRIPT_OUTPUT_FILE_0}\"\n";
			showEnvVarsInLog = 0;
		};
/* End PBXShellScriptBuildPhase section */

/* Begin PBXSourcesBuildPhase section */
		B3110EE3262600F900354C25 /* Sources */ = {
			isa = PBXSourcesBuildPhase;
			buildActionMask = 2147483647;
			files = (
				B3ABE3F3262CD02C00F10ADE /* NotificationLikeEventTableViewCell.swift in Sources */,
				B39A49F22626242600BE80DF /* WebSender.swift in Sources */,
				B39A4A412628162000BE80DF /* FormTableViewCell.swift in Sources */,
				B39A49E72626241C00BE80DF /* UserLoginBC.swift in Sources */,
				B39A49DD262623FD00BE80DF /* Constants.swift in Sources */,
				B362D15D263561840086F777 /* TimeLineViewController.swift in Sources */,
				B3110EEB262600F900354C25 /* AppDelegate.swift in Sources */,
				B39A49CC2626239900BE80DF /* PublishPostViewController.swift in Sources */,
				B39A4A262627629900BE80DF /* IGFeedPostTableViewCell.swift in Sources */,
				B39A49C72626239900BE80DF /* ListViewController.swift in Sources */,
				B39A4A372627642B00BE80DF /* IGFeedPostActionsTableViewCell.swift in Sources */,
				B39A4A012626387700BE80DF /* KeyChain.swift in Sources */,
				B39A49C82626239900BE80DF /* PostViewController.swift in Sources */,
				B39A49B82626236E00BE80DF /* ProfileViewController.swift in Sources */,
				B39A49A72626232500BE80DF /* DatabaseManager.swift in Sources */,
				B39A4A542628383B00BE80DF /* ProfileTabsCollectionReusableView.swift in Sources */,
				B39A4A0626263A3A00BE80DF /* Alerts.swift in Sources */,
				B362D16D263607940086F777 /* TableCollectionViewCell.swift in Sources */,
				B39A49E22626241300BE80DF /* UserBE.swift in Sources */,
				B39A49B62626236E00BE80DF /* HomeViewController.swift in Sources */,
				B39A49D4262623A400BE80DF /* LoginViewController.swift in Sources */,
				B39A49FC2626385400BE80DF /* Closures.swift in Sources */,
				B39A4A6A2628777D00BE80DF /* Models.swift in Sources */,
				B39A4A1A2627459F00BE80DF /* TabBarController.swift in Sources */,
				B3ABE3EE262CCFFA00F10ADE /* NotificationFollowEventTableViewCell.swift in Sources */,
				B39A49CD2626239900BE80DF /* EditProfileViewController.swift in Sources */,
				B362D165263605630086F777 /* CollectionTableViewCell.swift in Sources */,
				B39A4A4F262837DF00BE80DF /* ProfileInfoHeaderCollectionReusableView.swift in Sources */,
				B39A49CB2626239900BE80DF /* SettingsViewController.swift in Sources */,
				B39A49CA2626239900BE80DF /* SearchResultViewController.swift in Sources */,
				B39A49CE2626239900BE80DF /* PostEditorViewController.swift in Sources */,
				B3110EED262600F900354C25 /* SceneDelegate.swift in Sources */,
				B39A4A6F262989ED00BE80DF /* UserFollowTableViewCell.swift in Sources */,
				B39A4A2F262763F600BE80DF /* IGFeedPostHeaderTableViewCell.swift in Sources */,
				B362D18F2639B5EA0086F777 /* ListCommentsViewController.swift in Sources */,
				B39A49C92626239900BE80DF /* SearchViewController.swift in Sources */,
				B39A49B72626236E00BE80DF /* ExploreViewController.swift in Sources */,
				B362D18726399E2A0086F777 /* IGFeedPostFooterTableViewCell.swift in Sources */,
				B362D17F2638AB760086F777 /* IGFeedPostDescriptionTableViewCell.swift in Sources */,
				B39A4A3C2627645B00BE80DF /* IGFeedPostGeneralTableViewCell.swift in Sources */,
				B39A4A472628372A00BE80DF /* PhotoCollectionViewCell.swift in Sources */,
				B39A49F12626242600BE80DF /* WebResponse.swift in Sources */,
				B39A49A52626232500BE80DF /* Extensions.swift in Sources */,
				B39A49B92626236E00BE80DF /* NotificationsViewController.swift in Sources */,
				B39A49D5262623A400BE80DF /* RegistrationViewController.swift in Sources */,
				B39A49F02626242600BE80DF /* WebTranslator.swift in Sources */,
				B39A49EF2626242600BE80DF /* WebModel.swift in Sources */,
				B39A49A82626232500BE80DF /* StorageManeger.swift in Sources */,
				B39A49A62626232500BE80DF /* AuthManager.swift in Sources */,
				B39A4A74262A235E00BE80DF /* NoNotificationsView.swift in Sources */,
			);
			runOnlyForDeploymentPostprocessing = 0;
		};
		B3110EF9262600FC00354C25 /* Sources */ = {
			isa = PBXSourcesBuildPhase;
			buildActionMask = 2147483647;
			files = (
				B3110F02262600FC00354C25 /* SwiftNetworkTests.swift in Sources */,
			);
			runOnlyForDeploymentPostprocessing = 0;
		};
		B3110F04262600FC00354C25 /* Sources */ = {
			isa = PBXSourcesBuildPhase;
			buildActionMask = 2147483647;
			files = (
				B3110F0D262600FD00354C25 /* SwiftNetworkUITests.swift in Sources */,
			);
			runOnlyForDeploymentPostprocessing = 0;
		};
/* End PBXSourcesBuildPhase section */

/* Begin PBXTargetDependency section */
		B3110EFF262600FC00354C25 /* PBXTargetDependency */ = {
			isa = PBXTargetDependency;
			target = B3110EE6262600F900354C25 /* SwiftNetwork */;
			targetProxy = B3110EFE262600FC00354C25 /* PBXContainerItemProxy */;
		};
		B3110F0A262600FD00354C25 /* PBXTargetDependency */ = {
			isa = PBXTargetDependency;
			target = B3110EE6262600F900354C25 /* SwiftNetwork */;
			targetProxy = B3110F09262600FD00354C25 /* PBXContainerItemProxy */;
		};
/* End PBXTargetDependency section */

/* Begin PBXVariantGroup section */
		B3110EF5262600FC00354C25 /* LaunchScreen.storyboard */ = {
			isa = PBXVariantGroup;
			children = (
				B3110EF6262600FC00354C25 /* Base */,
			);
			name = LaunchScreen.storyboard;
			sourceTree = "<group>";
		};
/* End PBXVariantGroup section */

/* Begin XCBuildConfiguration section */
		B3110F0F262600FD00354C25 /* Debug */ = {
			isa = XCBuildConfiguration;
			buildSettings = {
				ALWAYS_SEARCH_USER_PATHS = NO;
				CLANG_ANALYZER_NONNULL = YES;
				CLANG_ANALYZER_NUMBER_OBJECT_CONVERSION = YES_AGGRESSIVE;
				CLANG_CXX_LANGUAGE_STANDARD = "gnu++14";
				CLANG_CXX_LIBRARY = "libc++";
				CLANG_ENABLE_MODULES = YES;
				CLANG_ENABLE_OBJC_ARC = YES;
				CLANG_ENABLE_OBJC_WEAK = YES;
				CLANG_WARN_BLOCK_CAPTURE_AUTORELEASING = YES;
				CLANG_WARN_BOOL_CONVERSION = YES;
				CLANG_WARN_COMMA = YES;
				CLANG_WARN_CONSTANT_CONVERSION = YES;
				CLANG_WARN_DEPRECATED_OBJC_IMPLEMENTATIONS = YES;
				CLANG_WARN_DIRECT_OBJC_ISA_USAGE = YES_ERROR;
				CLANG_WARN_DOCUMENTATION_COMMENTS = YES;
				CLANG_WARN_EMPTY_BODY = YES;
				CLANG_WARN_ENUM_CONVERSION = YES;
				CLANG_WARN_INFINITE_RECURSION = YES;
				CLANG_WARN_INT_CONVERSION = YES;
				CLANG_WARN_NON_LITERAL_NULL_CONVERSION = YES;
				CLANG_WARN_OBJC_IMPLICIT_RETAIN_SELF = YES;
				CLANG_WARN_OBJC_LITERAL_CONVERSION = YES;
				CLANG_WARN_OBJC_ROOT_CLASS = YES_ERROR;
				CLANG_WARN_QUOTED_INCLUDE_IN_FRAMEWORK_HEADER = YES;
				CLANG_WARN_RANGE_LOOP_ANALYSIS = YES;
				CLANG_WARN_STRICT_PROTOTYPES = YES;
				CLANG_WARN_SUSPICIOUS_MOVE = YES;
				CLANG_WARN_UNGUARDED_AVAILABILITY = YES_AGGRESSIVE;
				CLANG_WARN_UNREACHABLE_CODE = YES;
				CLANG_WARN__DUPLICATE_METHOD_MATCH = YES;
				COPY_PHASE_STRIP = NO;
				DEBUG_INFORMATION_FORMAT = dwarf;
				ENABLE_STRICT_OBJC_MSGSEND = YES;
				ENABLE_TESTABILITY = YES;
				GCC_C_LANGUAGE_STANDARD = gnu11;
				GCC_DYNAMIC_NO_PIC = NO;
				GCC_NO_COMMON_BLOCKS = YES;
				GCC_OPTIMIZATION_LEVEL = 0;
				GCC_PREPROCESSOR_DEFINITIONS = (
					"DEBUG=1",
					"$(inherited)",
				);
				GCC_WARN_64_TO_32_BIT_CONVERSION = YES;
				GCC_WARN_ABOUT_RETURN_TYPE = YES_ERROR;
				GCC_WARN_UNDECLARED_SELECTOR = YES;
				GCC_WARN_UNINITIALIZED_AUTOS = YES_AGGRESSIVE;
				GCC_WARN_UNUSED_FUNCTION = YES;
				GCC_WARN_UNUSED_VARIABLE = YES;
				IPHONEOS_DEPLOYMENT_TARGET = 14.4;
				MTL_ENABLE_DEBUG_INFO = INCLUDE_SOURCE;
				MTL_FAST_MATH = YES;
				ONLY_ACTIVE_ARCH = YES;
				SDKROOT = iphoneos;
				SWIFT_ACTIVE_COMPILATION_CONDITIONS = DEBUG;
				SWIFT_OPTIMIZATION_LEVEL = "-Onone";
			};
			name = Debug;
		};
		B3110F10262600FD00354C25 /* Release */ = {
			isa = XCBuildConfiguration;
			buildSettings = {
				ALWAYS_SEARCH_USER_PATHS = NO;
				CLANG_ANALYZER_NONNULL = YES;
				CLANG_ANALYZER_NUMBER_OBJECT_CONVERSION = YES_AGGRESSIVE;
				CLANG_CXX_LANGUAGE_STANDARD = "gnu++14";
				CLANG_CXX_LIBRARY = "libc++";
				CLANG_ENABLE_MODULES = YES;
				CLANG_ENABLE_OBJC_ARC = YES;
				CLANG_ENABLE_OBJC_WEAK = YES;
				CLANG_WARN_BLOCK_CAPTURE_AUTORELEASING = YES;
				CLANG_WARN_BOOL_CONVERSION = YES;
				CLANG_WARN_COMMA = YES;
				CLANG_WARN_CONSTANT_CONVERSION = YES;
				CLANG_WARN_DEPRECATED_OBJC_IMPLEMENTATIONS = YES;
				CLANG_WARN_DIRECT_OBJC_ISA_USAGE = YES_ERROR;
				CLANG_WARN_DOCUMENTATION_COMMENTS = YES;
				CLANG_WARN_EMPTY_BODY = YES;
				CLANG_WARN_ENUM_CONVERSION = YES;
				CLANG_WARN_INFINITE_RECURSION = YES;
				CLANG_WARN_INT_CONVERSION = YES;
				CLANG_WARN_NON_LITERAL_NULL_CONVERSION = YES;
				CLANG_WARN_OBJC_IMPLICIT_RETAIN_SELF = YES;
				CLANG_WARN_OBJC_LITERAL_CONVERSION = YES;
				CLANG_WARN_OBJC_ROOT_CLASS = YES_ERROR;
				CLANG_WARN_QUOTED_INCLUDE_IN_FRAMEWORK_HEADER = YES;
				CLANG_WARN_RANGE_LOOP_ANALYSIS = YES;
				CLANG_WARN_STRICT_PROTOTYPES = YES;
				CLANG_WARN_SUSPICIOUS_MOVE = YES;
				CLANG_WARN_UNGUARDED_AVAILABILITY = YES_AGGRESSIVE;
				CLANG_WARN_UNREACHABLE_CODE = YES;
				CLANG_WARN__DUPLICATE_METHOD_MATCH = YES;
				COPY_PHASE_STRIP = NO;
				DEBUG_INFORMATION_FORMAT = "dwarf-with-dsym";
				ENABLE_NS_ASSERTIONS = NO;
				ENABLE_STRICT_OBJC_MSGSEND = YES;
				GCC_C_LANGUAGE_STANDARD = gnu11;
				GCC_NO_COMMON_BLOCKS = YES;
				GCC_WARN_64_TO_32_BIT_CONVERSION = YES;
				GCC_WARN_ABOUT_RETURN_TYPE = YES_ERROR;
				GCC_WARN_UNDECLARED_SELECTOR = YES;
				GCC_WARN_UNINITIALIZED_AUTOS = YES_AGGRESSIVE;
				GCC_WARN_UNUSED_FUNCTION = YES;
				GCC_WARN_UNUSED_VARIABLE = YES;
				IPHONEOS_DEPLOYMENT_TARGET = 14.4;
				MTL_ENABLE_DEBUG_INFO = NO;
				MTL_FAST_MATH = YES;
				SDKROOT = iphoneos;
				SWIFT_COMPILATION_MODE = wholemodule;
				SWIFT_OPTIMIZATION_LEVEL = "-O";
				VALIDATE_PRODUCT = YES;
			};
			name = Release;
		};
		B3110F12262600FD00354C25 /* Debug */ = {
			isa = XCBuildConfiguration;
			baseConfigurationReference = 4E01617BA2DBD4BEDDE324A6 /* Pods-SwiftNetwork.debug.xcconfig */;
			buildSettings = {
				ASSETCATALOG_COMPILER_APPICON_NAME = AppIcon;
				ASSETCATALOG_COMPILER_GLOBAL_ACCENT_COLOR_NAME = AccentColor;
				CODE_SIGN_STYLE = Automatic;
				DEVELOPMENT_TEAM = 34LBG6P59G;
				INFOPLIST_FILE = SwiftNetwork/Info.plist;
				LD_RUNPATH_SEARCH_PATHS = (
					"$(inherited)",
					"@executable_path/Frameworks",
				);
				PRODUCT_BUNDLE_IDENTIFIER = movi.com.company.SwiftNetwork;
				PRODUCT_NAME = "$(TARGET_NAME)";
				SWIFT_VERSION = 5.0;
				TARGETED_DEVICE_FAMILY = "1,2";
			};
			name = Debug;
		};
		B3110F13262600FD00354C25 /* Release */ = {
			isa = XCBuildConfiguration;
			baseConfigurationReference = 2E04837DD7EFE403E11E6796 /* Pods-SwiftNetwork.release.xcconfig */;
			buildSettings = {
				ASSETCATALOG_COMPILER_APPICON_NAME = AppIcon;
				ASSETCATALOG_COMPILER_GLOBAL_ACCENT_COLOR_NAME = AccentColor;
				CODE_SIGN_STYLE = Automatic;
				DEVELOPMENT_TEAM = 34LBG6P59G;
				INFOPLIST_FILE = SwiftNetwork/Info.plist;
				LD_RUNPATH_SEARCH_PATHS = (
					"$(inherited)",
					"@executable_path/Frameworks",
				);
				PRODUCT_BUNDLE_IDENTIFIER = movi.com.company.SwiftNetwork;
				PRODUCT_NAME = "$(TARGET_NAME)";
				SWIFT_VERSION = 5.0;
				TARGETED_DEVICE_FAMILY = "1,2";
			};
			name = Release;
		};
		B3110F15262600FD00354C25 /* Debug */ = {
			isa = XCBuildConfiguration;
			baseConfigurationReference = 160043B549FD5C7A13909568 /* Pods-SwiftNetworkTests.debug.xcconfig */;
			buildSettings = {
				ALWAYS_EMBED_SWIFT_STANDARD_LIBRARIES = YES;
				BUNDLE_LOADER = "$(TEST_HOST)";
				CODE_SIGN_STYLE = Automatic;
				DEVELOPMENT_TEAM = 34LBG6P59G;
				INFOPLIST_FILE = SwiftNetworkTests/Info.plist;
				IPHONEOS_DEPLOYMENT_TARGET = 14.4;
				LD_RUNPATH_SEARCH_PATHS = (
					"$(inherited)",
					"@executable_path/Frameworks",
					"@loader_path/Frameworks",
				);
				PRODUCT_BUNDLE_IDENTIFIER = movi.com.company.SwiftNetworkTests;
				PRODUCT_NAME = "$(TARGET_NAME)";
				SWIFT_VERSION = 5.0;
				TARGETED_DEVICE_FAMILY = "1,2";
				TEST_HOST = "$(BUILT_PRODUCTS_DIR)/SwiftNetwork.app/SwiftNetwork";
			};
			name = Debug;
		};
		B3110F16262600FD00354C25 /* Release */ = {
			isa = XCBuildConfiguration;
			baseConfigurationReference = 1F2F91B4B36CFDC3E376D6FA /* Pods-SwiftNetworkTests.release.xcconfig */;
			buildSettings = {
				ALWAYS_EMBED_SWIFT_STANDARD_LIBRARIES = YES;
				BUNDLE_LOADER = "$(TEST_HOST)";
				CODE_SIGN_STYLE = Automatic;
				DEVELOPMENT_TEAM = 34LBG6P59G;
				INFOPLIST_FILE = SwiftNetworkTests/Info.plist;
				IPHONEOS_DEPLOYMENT_TARGET = 14.4;
				LD_RUNPATH_SEARCH_PATHS = (
					"$(inherited)",
					"@executable_path/Frameworks",
					"@loader_path/Frameworks",
				);
				PRODUCT_BUNDLE_IDENTIFIER = movi.com.company.SwiftNetworkTests;
				PRODUCT_NAME = "$(TARGET_NAME)";
				SWIFT_VERSION = 5.0;
				TARGETED_DEVICE_FAMILY = "1,2";
				TEST_HOST = "$(BUILT_PRODUCTS_DIR)/SwiftNetwork.app/SwiftNetwork";
			};
			name = Release;
		};
		B3110F18262600FD00354C25 /* Debug */ = {
			isa = XCBuildConfiguration;
			baseConfigurationReference = 98709772B41A1D345F48A4BC /* Pods-SwiftNetwork-SwiftNetworkUITests.debug.xcconfig */;
			buildSettings = {
				ALWAYS_EMBED_SWIFT_STANDARD_LIBRARIES = YES;
				CODE_SIGN_STYLE = Automatic;
				DEVELOPMENT_TEAM = 34LBG6P59G;
				INFOPLIST_FILE = SwiftNetworkUITests/Info.plist;
				LD_RUNPATH_SEARCH_PATHS = (
					"$(inherited)",
					"@executable_path/Frameworks",
					"@loader_path/Frameworks",
				);
				PRODUCT_BUNDLE_IDENTIFIER = movi.com.company.SwiftNetworkUITests;
				PRODUCT_NAME = "$(TARGET_NAME)";
				SWIFT_VERSION = 5.0;
				TARGETED_DEVICE_FAMILY = "1,2";
				TEST_TARGET_NAME = SwiftNetwork;
			};
			name = Debug;
		};
		B3110F19262600FD00354C25 /* Release */ = {
			isa = XCBuildConfiguration;
			baseConfigurationReference = 26BAF5A5ABBBA14E3BFBF033 /* Pods-SwiftNetwork-SwiftNetworkUITests.release.xcconfig */;
			buildSettings = {
				ALWAYS_EMBED_SWIFT_STANDARD_LIBRARIES = YES;
				CODE_SIGN_STYLE = Automatic;
				DEVELOPMENT_TEAM = 34LBG6P59G;
				INFOPLIST_FILE = SwiftNetworkUITests/Info.plist;
				LD_RUNPATH_SEARCH_PATHS = (
					"$(inherited)",
					"@executable_path/Frameworks",
					"@loader_path/Frameworks",
				);
				PRODUCT_BUNDLE_IDENTIFIER = movi.com.company.SwiftNetworkUITests;
				PRODUCT_NAME = "$(TARGET_NAME)";
				SWIFT_VERSION = 5.0;
				TARGETED_DEVICE_FAMILY = "1,2";
				TEST_TARGET_NAME = SwiftNetwork;
			};
			name = Release;
		};
/* End XCBuildConfiguration section */

/* Begin XCConfigurationList section */
		B3110EE2262600F900354C25 /* Build configuration list for PBXProject "SwiftNetwork" */ = {
			isa = XCConfigurationList;
			buildConfigurations = (
				B3110F0F262600FD00354C25 /* Debug */,
				B3110F10262600FD00354C25 /* Release */,
			);
			defaultConfigurationIsVisible = 0;
			defaultConfigurationName = Release;
		};
		B3110F11262600FD00354C25 /* Build configuration list for PBXNativeTarget "SwiftNetwork" */ = {
			isa = XCConfigurationList;
			buildConfigurations = (
				B3110F12262600FD00354C25 /* Debug */,
				B3110F13262600FD00354C25 /* Release */,
			);
			defaultConfigurationIsVisible = 0;
			defaultConfigurationName = Release;
		};
		B3110F14262600FD00354C25 /* Build configuration list for PBXNativeTarget "SwiftNetworkTests" */ = {
			isa = XCConfigurationList;
			buildConfigurations = (
				B3110F15262600FD00354C25 /* Debug */,
				B3110F16262600FD00354C25 /* Release */,
			);
			defaultConfigurationIsVisible = 0;
			defaultConfigurationName = Release;
		};
		B3110F17262600FD00354C25 /* Build configuration list for PBXNativeTarget "SwiftNetworkUITests" */ = {
			isa = XCConfigurationList;
			buildConfigurations = (
				B3110F18262600FD00354C25 /* Debug */,
				B3110F19262600FD00354C25 /* Release */,
			);
			defaultConfigurationIsVisible = 0;
			defaultConfigurationName = Release;
		};
/* End XCConfigurationList section */
	};
	rootObject = B3110EDF262600F900354C25 /* Project object */;
}
